// !$*UTF8*$!
{
	archiveVersion = 1;
	classes = {
	};
	objectVersion = 46;
	objects = {

/* Begin PBXBuildFile section */
		0F1BC58A1BBAC3EF00DCD98B /* AppDelegate.swift in Sources */ = {isa = PBXBuildFile; fileRef = 0F1BC5891BBAC3EF00DCD98B /* AppDelegate.swift */; };
		0F1BC58C1BBAC3EF00DCD98B /* ViewController.swift in Sources */ = {isa = PBXBuildFile; fileRef = 0F1BC58B1BBAC3EF00DCD98B /* ViewController.swift */; };
		0F1BC58F1BBAC3EF00DCD98B /* Main.storyboard in Resources */ = {isa = PBXBuildFile; fileRef = 0F1BC58D1BBAC3EF00DCD98B /* Main.storyboard */; };
		0F1BC5911BBAC3EF00DCD98B /* Assets.xcassets in Resources */ = {isa = PBXBuildFile; fileRef = 0F1BC5901BBAC3EF00DCD98B /* Assets.xcassets */; };
		0F1BC5941BBAC3EF00DCD98B /* LaunchScreen.storyboard in Resources */ = {isa = PBXBuildFile; fileRef = 0F1BC5921BBAC3EF00DCD98B /* LaunchScreen.storyboard */; };
		0F1BC59F1BBAC3EF00DCD98B /* quotesTests.swift in Sources */ = {isa = PBXBuildFile; fileRef = 0F1BC59E1BBAC3EF00DCD98B /* quotesTests.swift */; };
		0F1BC5AA1BBAC3EF00DCD98B /* quotesUITests.swift in Sources */ = {isa = PBXBuildFile; fileRef = 0F1BC5A91BBAC3EF00DCD98B /* quotesUITests.swift */; };
		0F856F791BBAC56200F6F2B5 /* Colorwheel.swift in Sources */ = {isa = PBXBuildFile; fileRef = 0F856F781BBAC56200F6F2B5 /* Colorwheel.swift */; settings = {ASSET_TAGS = (); }; };
		0F856F7B1BBAC59500F6F2B5 /* Quotes.swift in Sources */ = {isa = PBXBuildFile; fileRef = 0F856F7A1BBAC59500F6F2B5 /* Quotes.swift */; settings = {ASSET_TAGS = (); }; };
/* End PBXBuildFile section */

/* Begin PBXContainerItemProxy section */
		0F1BC59B1BBAC3EF00DCD98B /* PBXContainerItemProxy */ = {
			isa = PBXContainerItemProxy;
			containerPortal = 0F1BC57E1BBAC3EE00DCD98B /* Project object */;
			proxyType = 1;
			remoteGlobalIDString = 0F1BC5851BBAC3EF00DCD98B;
			remoteInfo = quotes;
		};
		0F1BC5A61BBAC3EF00DCD98B /* PBXContainerItemProxy */ = {
			isa = PBXContainerItemProxy;
			containerPortal = 0F1BC57E1BBAC3EE00DCD98B /* Project object */;
			proxyType = 1;
			remoteGlobalIDString = 0F1BC5851BBAC3EF00DCD98B;
			remoteInfo = quotes;
		};
/* End PBXContainerItemProxy section */

/* Begin PBXFileReference section */
		0F1BC5861BBAC3EF00DCD98B /* quotes.app */ = {isa = PBXFileReference; explicitFileType = wrapper.application; includeInIndex = 0; path = quotes.app; sourceTree = BUILT_PRODUCTS_DIR; };
		0F1BC5891BBAC3EF00DCD98B /* AppDelegate.swift */ = {isa = PBXFileReference; lastKnownFileType = sourcecode.swift; path = AppDelegate.swift; sourceTree = "<group>"; };
		0F1BC58B1BBAC3EF00DCD98B /* ViewController.swift */ = {isa = PBXFileReference; lastKnownFileType = sourcecode.swift; path = ViewController.swift; sourceTree = "<group>"; };
		0F1BC58E1BBAC3EF00DCD98B /* Base */ = {isa = PBXFileReference; lastKnownFileType = file.storyboard; name = Base; path = Base.lproj/Main.storyboard; sourceTree = "<group>"; };
		0F1BC5901BBAC3EF00DCD98B /* Assets.xcassets */ = {isa = PBXFileReference; lastKnownFileType = folder.assetcatalog; path = Assets.xcassets; sourceTree = "<group>"; };
		0F1BC5931BBAC3EF00DCD98B /* Base */ = {isa = PBXFileReference; lastKnownFileType = file.storyboard; name = Base; path = Base.lproj/LaunchScreen.storyboard; sourceTree = "<group>"; };
		0F1BC5951BBAC3EF00DCD98B /* Info.plist */ = {isa = PBXFileReference; lastKnownFileType = text.plist.xml; path = Info.plist; sourceTree = "<group>"; };
		0F1BC59A1BBAC3EF00DCD98B /* quotesTests.xctest */ = {isa = PBXFileReference; explicitFileType = wrapper.cfbundle; includeInIndex = 0; path = quotesTests.xctest; sourceTree = BUILT_PRODUCTS_DIR; };
		0F1BC59E1BBAC3EF00DCD98B /* quotesTests.swift */ = {isa = PBXFileReference; lastKnownFileType = sourcecode.swift; path = quotesTests.swift; sourceTree = "<group>"; };
		0F1BC5A01BBAC3EF00DCD98B /* Info.plist */ = {isa = PBXFileReference; lastKnownFileType = text.plist.xml; path = Info.plist; sourceTree = "<group>"; };
		0F1BC5A51BBAC3EF00DCD98B /* quotesUITests.xctest */ = {isa = PBXFileReference; explicitFileType = wrapper.cfbundle; includeInIndex = 0; path = quotesUITests.xctest; sourceTree = BUILT_PRODUCTS_DIR; };
		0F1BC5A91BBAC3EF00DCD98B /* quotesUITests.swift */ = {isa = PBXFileReference; lastKnownFileType = sourcecode.swift; path = quotesUITests.swift; sourceTree = "<group>"; };
		0F1BC5AB1BBAC3EF00DCD98B /* Info.plist */ = {isa = PBXFileReference; lastKnownFileType = text.plist.xml; path = Info.plist; sourceTree = "<group>"; };
		0F856F781BBAC56200F6F2B5 /* Colorwheel.swift */ = {isa = PBXFileReference; fileEncoding = 4; lastKnownFileType = sourcecode.swift; path = Colorwheel.swift; sourceTree = "<group>"; };
		0F856F7A1BBAC59500F6F2B5 /* Quotes.swift */ = {isa = PBXFileReference; fileEncoding = 4; lastKnownFileType = sourcecode.swift; path = Quotes.swift; sourceTree = "<group>"; };
/* End PBXFileReference section */

/* Begin PBXFrameworksBuildPhase section */
		0F1BC5831BBAC3EF00DCD98B /* Frameworks */ = {
			isa = PBXFrameworksBuildPhase;
			buildActionMask = 2147483647;
			files = (
			);
			runOnlyForDeploymentPostprocessing = 0;
		};
		0F1BC5971BBAC3EF00DCD98B /* Frameworks */ = {
			isa = PBXFrameworksBuildPhase;
			buildActionMask = 2147483647;
			files = (
			);
			runOnlyForDeploymentPostprocessing = 0;
		};
		0F1BC5A21BBAC3EF00DCD98B /* Frameworks */ = {
			isa = PBXFrameworksBuildPhase;
			buildActionMask = 2147483647;
			files = (
			);
			runOnlyForDeploymentPostprocessing = 0;
		};
/* End PBXFrameworksBuildPhase section */

/* Begin PBXGroup section */
		0F1BC57D1BBAC3EE00DCD98B = {
			isa = PBXGroup;
			children = (
				0F1BC5881BBAC3EF00DCD98B /* quotes */,
				0F1BC59D1BBAC3EF00DCD98B /* quotesTests */,
				0F1BC5A81BBAC3EF00DCD98B /* quotesUITests */,
				0F1BC5871BBAC3EF00DCD98B /* Products */,
			);
			sourceTree = "<group>";
		};
		0F1BC5871BBAC3EF00DCD98B /* Products */ = {
			isa = PBXGroup;
			children = (
				0F1BC5861BBAC3EF00DCD98B /* quotes.app */,
				0F1BC59A1BBAC3EF00DCD98B /* quotesTests.xctest */,
				0F1BC5A51BBAC3EF00DCD98B /* quotesUITests.xctest */,
			);
			name = Products;
			sourceTree = "<group>";
		};
		0F1BC5881BBAC3EF00DCD98B /* quotes */ = {
			isa = PBXGroup;
			children = (
				0F1BC5891BBAC3EF00DCD98B /* AppDelegate.swift */,
				0F1BC58B1BBAC3EF00DCD98B /* ViewController.swift */,
				0F1BC58D1BBAC3EF00DCD98B /* Main.storyboard */,
				0F1BC5901BBAC3EF00DCD98B /* Assets.xcassets */,
				0F1BC5921BBAC3EF00DCD98B /* LaunchScreen.storyboard */,
				0F1BC5951BBAC3EF00DCD98B /* Info.plist */,
				0F856F781BBAC56200F6F2B5 /* Colorwheel.swift */,
				0F856F7A1BBAC59500F6F2B5 /* Quotes.swift */,
			);
			path = quotes;
			sourceTree = "<group>";
		};
		0F1BC59D1BBAC3EF00DCD98B /* quotesTests */ = {
			isa = PBXGroup;
			children = (
				0F1BC59E1BBAC3EF00DCD98B /* quotesTests.swift */,
				0F1BC5A01BBAC3EF00DCD98B /* Info.plist */,
			);
			path = quotesTests;
			sourceTree = "<group>";
		};
		0F1BC5A81BBAC3EF00DCD98B /* quotesUITests */ = {
			isa = PBXGroup;
			children = (
				0F1BC5A91BBAC3EF00DCD98B /* quotesUITests.swift */,
				0F1BC5AB1BBAC3EF00DCD98B /* Info.plist */,
			);
			path = quotesUITests;
			sourceTree = "<group>";
		};
/* End PBXGroup section */

/* Begin PBXNativeTarget section */
		0F1BC5851BBAC3EF00DCD98B /* quotes */ = {
			isa = PBXNativeTarget;
			buildConfigurationList = 0F1BC5AE1BBAC3EF00DCD98B /* Build configuration list for PBXNativeTarget "quotes" */;
			buildPhases = (
				0F1BC5821BBAC3EF00DCD98B /* Sources */,
				0F1BC5831BBAC3EF00DCD98B /* Frameworks */,
				0F1BC5841BBAC3EF00DCD98B /* Resources */,
			);
			buildRules = (
			);
			dependencies = (
			);
			name = quotes;
			productName = quotes;
			productReference = 0F1BC5861BBAC3EF00DCD98B /* quotes.app */;
			productType = "com.apple.product-type.application";
		};
		0F1BC5991BBAC3EF00DCD98B /* quotesTests */ = {
			isa = PBXNativeTarget;
			buildConfigurationList = 0F1BC5B11BBAC3EF00DCD98B /* Build configuration list for PBXNativeTarget "quotesTests" */;
			buildPhases = (
				0F1BC5961BBAC3EF00DCD98B /* Sources */,
				0F1BC5971BBAC3EF00DCD98B /* Frameworks */,
				0F1BC5981BBAC3EF00DCD98B /* Resources */,
			);
			buildRules = (
			);
			dependencies = (
				0F1BC59C1BBAC3EF00DCD98B /* PBXTargetDependency */,
			);
			name = quotesTests;
			productName = quotesTests;
			productReference = 0F1BC59A1BBAC3EF00DCD98B /* quotesTests.xctest */;
			productType = "com.apple.product-type.bundle.unit-test";
		};
		0F1BC5A41BBAC3EF00DCD98B /* quotesUITests */ = {
			isa = PBXNativeTarget;
			buildConfigurationList = 0F1BC5B41BBAC3EF00DCD98B /* Build configuration list for PBXNativeTarget "quotesUITests" */;
			buildPhases = (
				0F1BC5A11BBAC3EF00DCD98B /* Sources */,
				0F1BC5A21BBAC3EF00DCD98B /* Frameworks */,
				0F1BC5A31BBAC3EF00DCD98B /* Resources */,
			);
			buildRules = (
			);
			dependencies = (
				0F1BC5A71BBAC3EF00DCD98B /* PBXTargetDependency */,
			);
			name = quotesUITests;
			productName = quotesUITests;
			productReference = 0F1BC5A51BBAC3EF00DCD98B /* quotesUITests.xctest */;
			productType = "com.apple.product-type.bundle.ui-testing";
		};
/* End PBXNativeTarget section */

/* Begin PBXProject section */
		0F1BC57E1BBAC3EE00DCD98B /* Project object */ = {
			isa = PBXProject;
			attributes = {
				LastUpgradeCheck = 0700;
				ORGANIZATIONNAME = BrunoBrewerLLC;
				TargetAttributes = {
					0F1BC5851BBAC3EF00DCD98B = {
						CreatedOnToolsVersion = 7.0;
					};
					0F1BC5991BBAC3EF00DCD98B = {
						CreatedOnToolsVersion = 7.0;
						TestTargetID = 0F1BC5851BBAC3EF00DCD98B;
					};
					0F1BC5A41BBAC3EF00DCD98B = {
						CreatedOnToolsVersion = 7.0;
						TestTargetID = 0F1BC5851BBAC3EF00DCD98B;
					};
				};
			};
			buildConfigurationList = 0F1BC5811BBAC3EE00DCD98B /* Build configuration list for PBXProject "quotes" */;
			compatibilityVersion = "Xcode 3.2";
			developmentRegion = English;
			hasScannedForEncodings = 0;
			knownRegions = (
				en,
				Base,
			);
			mainGroup = 0F1BC57D1BBAC3EE00DCD98B;
			productRefGroup = 0F1BC5871BBAC3EF00DCD98B /* Products */;
			projectDirPath = "";
			projectRoot = "";
			targets = (
				0F1BC5851BBAC3EF00DCD98B /* quotes */,
				0F1BC5991BBAC3EF00DCD98B /* quotesTests */,
				0F1BC5A41BBAC3EF00DCD98B /* quotesUITests */,
			);
		};
/* End PBXProject section */

/* Begin PBXResourcesBuildPhase section */
		0F1BC5841BBAC3EF00DCD98B /* Resources */ = {
			isa = PBXResourcesBuildPhase;
			buildActionMask = 2147483647;
			files = (
				0F1BC5941BBAC3EF00DCD98B /* LaunchScreen.storyboard in Resources */,
				0F1BC5911BBAC3EF00DCD98B /* Assets.xcassets in Resources */,
				0F1BC58F1BBAC3EF00DCD98B /* Main.storyboard in Resources */,
			);
			runOnlyForDeploymentPostprocessing = 0;
		};
		0F1BC5981BBAC3EF00DCD98B /* Resources */ = {
			isa = PBXResourcesBuildPhase;
			buildActionMask = 2147483647;
			files = (
			);
			runOnlyForDeploymentPostprocessing = 0;
		};
		0F1BC5A31BBAC3EF00DCD98B /* Resources */ = {
			isa = PBXResourcesBuildPhase;
			buildActionMask = 2147483647;
			files = (
			);
			runOnlyForDeploymentPostprocessing = 0;
		};
/* End PBXResourcesBuildPhase section */

/* Begin PBXSourcesBuildPhase section */
		0F1BC5821BBAC3EF00DCD98B /* Sources */ = {
			isa = PBXSourcesBuildPhase;
			buildActionMask = 2147483647;
			files = (
				0F856F7B1BBAC59500F6F2B5 /* Quotes.swift in Sources */,
				0F1BC58C1BBAC3EF00DCD98B /* ViewController.swift in Sources */,
				0F1BC58A1BBAC3EF00DCD98B /* AppDelegate.swift in Sources */,
				0F856F791BBAC56200F6F2B5 /* Colorwheel.swift in Sources */,
			);
			runOnlyForDeploymentPostprocessing = 0;
		};
		0F1BC5961BBAC3EF00DCD98B /* Sources */ = {
			isa = PBXSourcesBuildPhase;
			buildActionMask = 2147483647;
			files = (
				0F1BC59F1BBAC3EF00DCD98B /* quotesTests.swift in Sources */,
			);
			runOnlyForDeploymentPostprocessing = 0;
		};
		0F1BC5A11BBAC3EF00DCD98B /* Sources */ = {
			isa = PBXSourcesBuildPhase;
			buildActionMask = 2147483647;
			files = (
				0F1BC5AA1BBAC3EF00DCD98B /* quotesUITests.swift in Sources */,
			);
			runOnlyForDeploymentPostprocessing = 0;
		};
/* End PBXSourcesBuildPhase section */

/* Begin PBXTargetDependency section */
		0F1BC59C1BBAC3EF00DCD98B /* PBXTargetDependency */ = {
			isa = PBXTargetDependency;
			target = 0F1BC5851BBAC3EF00DCD98B /* quotes */;
			targetProxy = 0F1BC59B1BBAC3EF00DCD98B /* PBXContainerItemProxy */;
		};
		0F1BC5A71BBAC3EF00DCD98B /* PBXTargetDependency */ = {
			isa = PBXTargetDependency;
			target = 0F1BC5851BBAC3EF00DCD98B /* quotes */;
			targetProxy = 0F1BC5A61BBAC3EF00DCD98B /* PBXContainerItemProxy */;
		};
/* End PBXTargetDependency section */

/* Begin PBXVariantGroup section */
		0F1BC58D1BBAC3EF00DCD98B /* Main.storyboard */ = {
			isa = PBXVariantGroup;
			children = (
				0F1BC58E1BBAC3EF00DCD98B /* Base */,
			);
			name = Main.storyboard;
			sourceTree = "<group>";
		};
		0F1BC5921BBAC3EF00DCD98B /* LaunchScreen.storyboard */ = {
			isa = PBXVariantGroup;
			children = (
				0F1BC5931BBAC3EF00DCD98B /* Base */,
			);
			name = LaunchScreen.storyboard;
			sourceTree = "<group>";
		};
/* End PBXVariantGroup section */

/* Begin XCBuildConfiguration section */
		0F1BC5AC1BBAC3EF00DCD98B /* Debug */ = {
			isa = XCBuildConfiguration;
			buildSettings = {
				ALWAYS_SEARCH_USER_PATHS = NO;
				CLANG_CXX_LANGUAGE_STANDARD = "gnu++0x";
				CLANG_CXX_LIBRARY = "libc++";
				CLANG_ENABLE_MODULES = YES;
				CLANG_ENABLE_OBJC_ARC = YES;
				CLANG_WARN_BOOL_CONVERSION = YES;
				CLANG_WARN_CONSTANT_CONVERSION = YES;
				CLANG_WARN_DIRECT_OBJC_ISA_USAGE = YES_ERROR;
				CLANG_WARN_EMPTY_BODY = YES;
				CLANG_WARN_ENUM_CONVERSION = YES;
				CLANG_WARN_INT_CONVERSION = YES;
				CLANG_WARN_OBJC_ROOT_CLASS = YES_ERROR;
				CLANG_WARN_UNREACHABLE_CODE = YES;
				CLANG_WARN__DUPLICATE_METHOD_MATCH = YES;
				"CODE_SIGN_IDENTITY[sdk=iphoneos*]" = "iPhone Developer";
				COPY_PHASE_STRIP = NO;
				DEBUG_INFORMATION_FORMAT = dwarf;
				ENABLE_STRICT_OBJC_MSGSEND = YES;
				ENABLE_TESTABILITY = YES;
				GCC_C_LANGUAGE_STANDARD = gnu99;
				GCC_DYNAMIC_NO_PIC = NO;
				GCC_NO_COMMON_BLOCKS = YES;
				GCC_OPTIMIZATION_LEVEL = 0;
				GCC_PREPROCESSOR_DEFINITIONS = (
					"DEBUG=1",
					"$(inherited)",
				);
				GCC_WARN_64_TO_32_BIT_CONVERSION = YES;
				GCC_WARN_ABOUT_RETURN_TYPE = YES_ERROR;
				GCC_WARN_UNDECLARED_SELECTOR = YES;
				GCC_WARN_UNINITIALIZED_AUTOS = YES_AGGRESSIVE;
				GCC_WARN_UNUSED_FUNCTION = YES;
				GCC_WARN_UNUSED_VARIABLE = YES;
				IPHONEOS_DEPLOYMENT_TARGET = 9.0;
				MTL_ENABLE_DEBUG_INFO = YES;
				ONLY_ACTIVE_ARCH = YES;
				SDKROOT = iphoneos;
				SWIFT_OPTIMIZATION_LEVEL = "-Onone";
			};
			name = Debug;
		};
		0F1BC5AD1BBAC3EF00DCD98B /* Release */ = {
			isa = XCBuildConfiguration;
			buildSettings = {
				ALWAYS_SEARCH_USER_PATHS = NO;
				CLANG_CXX_LANGUAGE_STANDARD = "gnu++0x";
				CLANG_CXX_LIBRARY = "libc++";
				CLANG_ENABLE_MODULES = YES;
				CLANG_ENABLE_OBJC_ARC = YES;
				CLANG_WARN_BOOL_CONVERSION = YES;
				CLANG_WARN_CONSTANT_CONVERSION = YES;
				CLANG_WARN_DIRECT_OBJC_ISA_USAGE = YES_ERROR;
				CLANG_WARN_EMPTY_BODY = YES;
				CLANG_WARN_ENUM_CONVERSION = YES;
				CLANG_WARN_INT_CONVERSION = YES;
				CLANG_WARN_OBJC_ROOT_CLASS = YES_ERROR;
				CLANG_WARN_UNREACHABLE_CODE = YES;
				CLANG_WARN__DUPLICATE_METHOD_MATCH = YES;
				"CODE_SIGN_IDENTITY[sdk=iphoneos*]" = "iPhone Developer";
				COPY_PHASE_STRIP = NO;
				DEBUG_INFORMATION_FORMAT = "dwarf-with-dsym";
				ENABLE_NS_ASSERTIONS = NO;
				ENABLE_STRICT_OBJC_MSGSEND = YES;
				GCC_C_LANGUAGE_STANDARD = gnu99;
				GCC_NO_COMMON_BLOCKS = YES;
				GCC_WARN_64_TO_32_BIT_CONVERSION = YES;
				GCC_WARN_ABOUT_RETURN_TYPE = YES_ERROR;
				GCC_WARN_UNDECLARED_SELECTOR = YES;
				GCC_WARN_UNINITIALIZED_AUTOS = YES_AGGRESSIVE;
				GCC_WARN_UNUSED_FUNCTION = YES;
				GCC_WARN_UNUSED_VARIABLE = YES;
				IPHONEOS_DEPLOYMENT_TARGET = 9.0;
				MTL_ENABLE_DEBUG_INFO = NO;
				SDKROOT = iphoneos;
				VALIDATE_PRODUCT = YES;
			};
			name = Release;
		};
		0F1BC5AF1BBAC3EF00DCD98B /* Debug */ = {
			isa = XCBuildConfiguration;
			buildSettings = {
				ASSETCATALOG_COMPILER_APPICON_NAME = AppIcon;
				INFOPLIST_FILE = quotes/Info.plist;
				LD_RUNPATH_SEARCH_PATHS = "$(inherited) @executable_path/Frameworks";
				PRODUCT_BUNDLE_IDENTIFIER = com.TandaGroup.quotes;
				PRODUCT_NAME = "$(TARGET_NAME)";
			};
			name = Debug;
		};
		0F1BC5B01BBAC3EF00DCD98B /* Release */ = {
			isa = XCBuildConfiguration;
			buildSettings = {
				ASSETCATALOG_COMPILER_APPICON_NAME = AppIcon;
				INFOPLIST_FILE = quotes/Info.plist;
				LD_RUNPATH_SEARCH_PATHS = "$(inherited) @executable_path/Frameworks";
				PRODUCT_BUNDLE_IDENTIFIER = com.TandaGroup.quotes;
				PRODUCT_NAME = "$(TARGET_NAME)";
			};
			name = Release;
		};
		0F1BC5B21BBAC3EF00DCD98B /* Debug */ = {
			isa = XCBuildConfiguration;
			buildSettings = {
				BUNDLE_LOADER = "$(TEST_HOST)";
				INFOPLIST_FILE = quotesTests/Info.plist;
				LD_RUNPATH_SEARCH_PATHS = "$(inherited) @executable_path/Frameworks @loader_path/Frameworks";
				PRODUCT_BUNDLE_IDENTIFIER = com.TandaGroup.quotesTests;
				PRODUCT_NAME = "$(TARGET_NAME)";
				TEST_HOST = "$(BUILT_PRODUCTS_DIR)/quotes.app/quotes";
			};
			name = Debug;
		};
		0F1BC5B31BBAC3EF00DCD98B /* Release */ = {
			isa = XCBuildConfiguration;
			buildSettings = {
				BUNDLE_LOADER = "$(TEST_HOST)";
				INFOPLIST_FILE = quotesTests/Info.plist;
				LD_RUNPATH_SEARCH_PATHS = "$(inherited) @executable_path/Frameworks @loader_path/Frameworks";
				PRODUCT_BUNDLE_IDENTIFIER = com.TandaGroup.quotesTests;
				PRODUCT_NAME = "$(TARGET_NAME)";
				TEST_HOST = "$(BUILT_PRODUCTS_DIR)/quotes.app/quotes";
			};
			name = Release;
		};
		0F1BC5B51BBAC3EF00DCD98B /* Debug */ = {
			isa = XCBuildConfiguration;
			buildSettings = {
				INFOPLIST_FILE = quotesUITests/Info.plist;
				LD_RUNPATH_SEARCH_PATHS = "$(inherited) @executable_path/Frameworks @loader_path/Frameworks";
				PRODUCT_BUNDLE_IDENTIFIER = com.TandaGroup.quotesUITests;
				PRODUCT_NAME = "$(TARGET_NAME)";
				TEST_TARGET_NAME = quotes;
				USES_XCTRUNNER = YES;
			};
			name = Debug;
		};
		0F1BC5B61BBAC3EF00DCD98B /* Release */ = {
			isa = XCBuildConfiguration;
			buildSettings = {
				INFOPLIST_FILE = quotesUITests/Info.plist;
				LD_RUNPATH_SEARCH_PATHS = "$(inherited) @executable_path/Frameworks @loader_path/Frameworks";
				PRODUCT_BUNDLE_IDENTIFIER = com.TandaGroup.quotesUITests;
				PRODUCT_NAME = "$(TARGET_NAME)";
				TEST_TARGET_NAME = quotes;
				USES_XCTRUNNER = YES;
			};
			name = Release;
		};
/* End XCBuildConfiguration section */

/* Begin XCConfigurationList section */
		0F1BC5811BBAC3EE00DCD98B /* Build configuration list for PBXProject "quotes" */ = {
			isa = XCConfigurationList;
			buildConfigurations = (
				0F1BC5AC1BBAC3EF00DCD98B /* Debug */,
				0F1BC5AD1BBAC3EF00DCD98B /* Release */,
			);
			defaultConfigurationIsVisible = 0;
			defaultConfigurationName = Release;
		};
		0F1BC5AE1BBAC3EF00DCD98B /* Build configuration list for PBXNativeTarget "quotes" */ = {
			isa = XCConfigurationList;
			buildConfigurations = (
				0F1BC5AF1BBAC3EF00DCD98B /* Debug */,
				0F1BC5B01BBAC3EF00DCD98B /* Release */,
			);
			defaultConfigurationIsVisible = 0;
			defaultConfigurationName = Release;
		};
		0F1BC5B11BBAC3EF00DCD98B /* Build configuration list for PBXNativeTarget "quotesTests" */ = {
			isa = XCConfigurationList;
			buildConfigurations = (
				0F1BC5B21BBAC3EF00DCD98B /* Debug */,
				0F1BC5B31BBAC3EF00DCD98B /* Release */,
			);
			defaultConfigurationIsVisible = 0;
			defaultConfigurationName = Release;
		};
		0F1BC5B41BBAC3EF00DCD98B /* Build configuration list for PBXNativeTarget "quotesUITests" */ = {
			isa = XCConfigurationList;
			buildConfigurations = (
				0F1BC5B51BBAC3EF00DCD98B /* Debug */,
				0F1BC5B61BBAC3EF00DCD98B /* Release */,
			);
			defaultConfigurationIsVisible = 0;
			defaultConfigurationName = Release;
		};
/* End XCConfigurationList section */
	};
	rootObject = 0F1BC57E1BBAC3EE00DCD98B /* Project object */;
}
